schema: '2.0'
stages:
  train:
    cmd: python src/train.py
    deps:
    - path: data/ride_data.csv
      hash: md5
      md5: 7a86197ea6b643b0cc3580993aadf7ad
      size: 87671
    - path: src/train.py
      hash: md5
      md5: 59386b498bf2dbd960d1b7e146c28bf8
      size: 1596
    outs:
    - path: model/model.pkl
      hash: md5
      md5: 13f4eef8a9baf305e99b246f65d973f9
      size: 603
